
Microsoft Visual Studio Solution File, Format Version 12.00
# Visual Studio 2012
Project("{8BC9CEB8-8B4A-11D0-8D11-00A0C91BC942}") = "CS1examples", "CS1examples\CS1examples.vcxproj", "{770B4A05-DFE7-4531-BB9C-070A76AD14BC}"
EndProject
Global
	GlobalSection(SolutionConfigurationPlatforms) = preSolution
		Debug|Win32 = Debug|Win32
		Release|Win32 = Release|Win32
	EndGlobalSection
	GlobalSection(ProjectConfigurationPlatforms) = postSolution
		{770B4A05-DFE7-4531-BB9C-070A76AD14BC}.Debug|Win32.ActiveCfg = Debug|Win32
		{770B4A05-DFE7-4531-BB9C-070A76AD14BC}.Debug|Win32.Build.0 = Debug|Win32
		{770B4A05-DFE7-4531-BB9C-070A76AD14BC}.Release|Win32.ActiveCfg = Release|Win32
		{770B4A05-DFE7-4531-BB9C-070A76AD14BC}.Release|Win32.Build.0 = Release|Win32
	EndGlobalSection
	GlobalSection(SolutionProperties) = preSolution
		HideSolutionNode = FALSE
	EndGlobalSection
EndGlobal
